
Microsoft Visual Studio Solution File, Format Version 12.00
# Visual Studio Version 16
VisualStudioVersion = 16.0.31424.327
MinimumVisualStudioVersion = 10.0.40219.1
Project("{FAE04EC0-301F-11D3-BF4B-00C04F79EFBC}") = "WindowsFormsApp2", "WindowsFormsApp2\WindowsFormsApp2.csproj", "{B3DDF57E-271C-4982-A490-5F2C0F1B0354}"
EndProject
Global
	GlobalSection(SolutionConfigurationPlatforms) = preSolution
		Debug|Any CPU = Debug|Any CPU
		Release|Any CPU = Release|Any CPU
	EndGlobalSection
	GlobalSection(ProjectConfigurationPlatforms) = postSolution
		{B3DDF57E-271C-4982-A490-5F2C0F1B0354}.Debug|Any CPU.ActiveCfg = Debug|Any CPU
		{B3DDF57E-271C-4982-A490-5F2C0F1B0354}.Debug|Any CPU.Build.0 = Debug|Any CPU
		{B3DDF57E-271C-4982-A490-5F2C0F1B0354}.Release|Any CPU.ActiveCfg = Release|Any CPU
		{B3DDF57E-271C-4982-A490-5F2C0F1B0354}.Release|Any CPU.Build.0 = Release|Any CPU
	EndGlobalSection
	GlobalSection(SolutionProperties) = preSolution
		HideSolutionNode = FALSE
	EndGlobalSection
	GlobalSection(ExtensibilityGlobals) = postSolution
		SolutionGuid = {C0599AF3-0156-498F-873C-0E72F7C4451F}
	EndGlobalSection
EndGlobal
